{
  "requires": true,
  "lockfileVersion": 1,
  "dependencies": {
    "react-infinite-scroll-component": {
      "version": "5.1.0",
      "resolved": "https://registry.npmjs.org/react-infinite-scroll-component/-/react-infinite-scroll-component-5.1.0.tgz",
      "integrity": "sha512-ZQ7lYlLByil1ZVdvt57UJeBIj/tSOwKyds+B0LIm/xGmxzJJZwW/hYGKKs74sHO3LoIDwcq2ci6YXqrkWSalLQ==",
      "requires": {
        "throttle-debounce": "^2.1.0"
      }
    },
    "throttle-debounce": {
      "version": "2.3.0",
      "resolved": "https://registry.npmjs.org/throttle-debounce/-/throttle-debounce-2.3.0.tgz",
      "integrity": "sha512-H7oLPV0P7+jgvrk+6mwwwBDmxTaxnu9HMXmloNLXwnNO0ZxZ31Orah2n8lU1eMPvsaowP2CX+USCgyovXfdOFQ=="
    }
  }
}
